lockfileVersion: 5.3

specifiers:
  typescript: 3.6.5

devDependencies:
  typescript: 3.6.5

packages:

  /typescript/3.6.5:
    resolution: {integrity: sha512-BEjlc0Z06ORZKbtcxGrIvvwYs5hAnuo6TKdNFL55frVDlB+na3z5bsLhFaIxmT+dPWgBIjMo6aNnTOgHHmHgiQ==}
    engines: {node: '>=4.2.0'}
    hasBin: true
    dev: true
